
Microsoft Visual Studio Solution File, Format Version 12.00
Project("{FAE04EC0-301F-11D3-BF4B-00C04F79EFBC}") = "XifratAES", "XifratAES.csproj", "{A5B72631-3D0C-4B70-AC9D-904EC2709DCC}"
EndProject
Global
	GlobalSection(SolutionConfigurationPlatforms) = preSolution
		Debug|Any CPU = Debug|Any CPU
		Release|Any CPU = Release|Any CPU
	EndGlobalSection
	GlobalSection(ProjectConfigurationPlatforms) = postSolution
		{A5B72631-3D0C-4B70-AC9D-904EC2709DCC}.Debug|Any CPU.ActiveCfg = Debug|Any CPU
		{A5B72631-3D0C-4B70-AC9D-904EC2709DCC}.Debug|Any CPU.Build.0 = Debug|Any CPU
		{A5B72631-3D0C-4B70-AC9D-904EC2709DCC}.Release|Any CPU.ActiveCfg = Release|Any CPU
		{A5B72631-3D0C-4B70-AC9D-904EC2709DCC}.Release|Any CPU.Build.0 = Release|Any CPU
	EndGlobalSection
EndGlobal
